
Microsoft Visual Studio Solution File, Format Version 12.00
# Visual Studio Version 17
VisualStudioVersion = 17.5.002.0
MinimumVisualStudioVersion = 10.0.40219.1
Project("{9A19103F-16F7-4668-BE54-9A1E7A4F7556}") = "DesafioFundamentos", "DesafioFundamentos.csproj", "{CFD0F3F3-F4EB-49C9-941F-A7318CAF2E68}"
EndProject
Global
	GlobalSection(SolutionConfigurationPlatforms) = preSolution
		Debug|Any CPU = Debug|Any CPU
		Release|Any CPU = Release|Any CPU
	EndGlobalSection
	GlobalSection(ProjectConfigurationPlatforms) = postSolution
		{CFD0F3F3-F4EB-49C9-941F-A7318CAF2E68}.Debug|Any CPU.ActiveCfg = Debug|Any CPU
		{CFD0F3F3-F4EB-49C9-941F-A7318CAF2E68}.Debug|Any CPU.Build.0 = Debug|Any CPU
		{CFD0F3F3-F4EB-49C9-941F-A7318CAF2E68}.Release|Any CPU.ActiveCfg = Release|Any CPU
		{CFD0F3F3-F4EB-49C9-941F-A7318CAF2E68}.Release|Any CPU.Build.0 = Release|Any CPU
	EndGlobalSection
	GlobalSection(SolutionProperties) = preSolution
		HideSolutionNode = FALSE
	EndGlobalSection
	GlobalSection(ExtensibilityGlobals) = postSolution
		SolutionGuid = {79E19A00-8EB2-4D38-B6F9-D1F814703CC1}
	EndGlobalSection
EndGlobal
